github.com/cenkalti/backoff v2.2.1+incompatible h1:tNowT99t7UNflLxfYYSlKYsBpXdEet03Pg2g16Swow4=
github.com/cenkalti/backoff v2.2.1+incompatible/go.mod h1:90ReRw6GdpyfrHakVjL/QHaoyV4aDUVVkXQJJJ3NXXM=
gopkg.in/urfave/cli.v2 v2.0.0-20180128182452-d3ae77c26ac8 h1:Ggy3mWN4l3PUFPfSG0YB3n5fVYggzysUmiUQ89SnX6Y=
gopkg.in/urfave/cli.v2 v2.0.0-20180128182452-d3ae77c26ac8/go.mod h1:cKXr3E0k4aosgycml1b5z33BVV6hai1Kh7uDgFOkbcs=
